// !$*UTF8*$!
{
	archiveVersion = 1;
	classes = {
	};
	objectVersion = 55;
	objects = {

/* Begin PBXBuildFile section */
		232964FA282D595C00F7ED26 /* SignIn.swift in Sources */ = {isa = PBXBuildFile; fileRef = 232964F9282D595C00F7ED26 /* SignIn.swift */; };
		232964FF282D5BFF00F7ED26 /* TextFieldBox.swift in Sources */ = {isa = PBXBuildFile; fileRef = 232964FE282D5BFF00F7ED26 /* TextFieldBox.swift */; };
		23296501282D5F6700F7ED26 /* PasswordBox.swift in Sources */ = {isa = PBXBuildFile; fileRef = 23296500282D5F6700F7ED26 /* PasswordBox.swift */; };
		23296503282D60A900F7ED26 /* BigButtonView.swift in Sources */ = {isa = PBXBuildFile; fileRef = 23296502282D60A900F7ED26 /* BigButtonView.swift */; };
		23296506282D6B7300F7ED26 /* SignInWith.swift in Sources */ = {isa = PBXBuildFile; fileRef = 23296505282D6B7300F7ED26 /* SignInWith.swift */; };
		232C301928589FE300E22FBE /* MyTasks.swift in Sources */ = {isa = PBXBuildFile; fileRef = 232C301828589FE300E22FBE /* MyTasks.swift */; };
		2332DA17282DA9C60084E5EC /* Register.swift in Sources */ = {isa = PBXBuildFile; fileRef = 2332DA16282DA9C60084E5EC /* Register.swift */; };
		2332DA1A282DB5B10084E5EC /* MainPage.swift in Sources */ = {isa = PBXBuildFile; fileRef = 2332DA19282DB5B10084E5EC /* MainPage.swift */; };
		234FE35F282E6BB3008C97DF /* MenuTaskItem.swift in Sources */ = {isa = PBXBuildFile; fileRef = 234FE35E282E6BB3008C97DF /* MenuTaskItem.swift */; };
		234FE361282E6ED4008C97DF /* NewTask.swift in Sources */ = {isa = PBXBuildFile; fileRef = 234FE360282E6ED4008C97DF /* NewTask.swift */; };
		234FE363282E797A008C97DF /* TabBarNavigator.swift in Sources */ = {isa = PBXBuildFile; fileRef = 234FE362282E797A008C97DF /* TabBarNavigator.swift */; };
		234FE365282E798B008C97DF /* Profile.swift in Sources */ = {isa = PBXBuildFile; fileRef = 234FE364282E798B008C97DF /* Profile.swift */; };
		234FE36B282E8D47008C97DF /* TaskStepItem.swift in Sources */ = {isa = PBXBuildFile; fileRef = 234FE36A282E8D47008C97DF /* TaskStepItem.swift */; };
		239904C628365B29006EE088 /* GoogleService-Info.plist in Resources */ = {isa = PBXBuildFile; fileRef = 239904C528365B29006EE088 /* GoogleService-Info.plist */; };
		239904D12836612F006EE088 /* AuthViewModel.swift in Sources */ = {isa = PBXBuildFile; fileRef = 239904D02836612F006EE088 /* AuthViewModel.swift */; };
		23A1EE732831195400125E93 /* SelectUsers.swift in Sources */ = {isa = PBXBuildFile; fileRef = 23A1EE722831195400125E93 /* SelectUsers.swift */; };
		23B59F73283801A9003F0163 /* FirebaseAuth in Frameworks */ = {isa = PBXBuildFile; productRef = 23B59F72283801A9003F0163 /* FirebaseAuth */; };
		23B59F75283801A9003F0163 /* FirebaseFirestore in Frameworks */ = {isa = PBXBuildFile; productRef = 23B59F74283801A9003F0163 /* FirebaseFirestore */; };
		23B59F77283801A9003F0163 /* FirebaseStorage in Frameworks */ = {isa = PBXBuildFile; productRef = 23B59F76283801A9003F0163 /* FirebaseStorage */; };
		23C7F8A7282C67A200B44D88 /* OnlineTaskManagerApp.swift in Sources */ = {isa = PBXBuildFile; fileRef = 23C7F8A6282C67A200B44D88 /* OnlineTaskManagerApp.swift */; };
		23C7F8A9282C67A200B44D88 /* ContentView.swift in Sources */ = {isa = PBXBuildFile; fileRef = 23C7F8A8282C67A200B44D88 /* ContentView.swift */; };
		23C7F8AB282C67A400B44D88 /* Assets.xcassets in Resources */ = {isa = PBXBuildFile; fileRef = 23C7F8AA282C67A400B44D88 /* Assets.xcassets */; };
		23C7F8AE282C67A400B44D88 /* Preview Assets.xcassets in Resources */ = {isa = PBXBuildFile; fileRef = 23C7F8AD282C67A400B44D88 /* Preview Assets.xcassets */; };
		23DAA5E3282FFBCC00C219E4 /* TaskModel.swift in Sources */ = {isa = PBXBuildFile; fileRef = 23DAA5E2282FFBCC00C219E4 /* TaskModel.swift */; };
		23DAA5E5282FFC8900C219E4 /* TaskViewModel.swift in Sources */ = {isa = PBXBuildFile; fileRef = 23DAA5E4282FFC8900C219E4 /* TaskViewModel.swift */; };
		23DAA5E7282FFFB300C219E4 /* TabNavigationViewModel.swift in Sources */ = {isa = PBXBuildFile; fileRef = 23DAA5E6282FFFB300C219E4 /* TabNavigationViewModel.swift */; };
		23EA50C8283C3D92008DC259 /* img.png in Resources */ = {isa = PBXBuildFile; fileRef = 23EA50C7283C3D92008DC259 /* img.png */; };
/* End PBXBuildFile section */

/* Begin PBXFileReference section */
		232964F9282D595C00F7ED26 /* SignIn.swift */ = {isa = PBXFileReference; lastKnownFileType = sourcecode.swift; path = SignIn.swift; sourceTree = "<group>"; };
		232964FE282D5BFF00F7ED26 /* TextFieldBox.swift */ = {isa = PBXFileReference; lastKnownFileType = sourcecode.swift; path = TextFieldBox.swift; sourceTree = "<group>"; };
		23296500282D5F6700F7ED26 /* PasswordBox.swift */ = {isa = PBXFileReference; lastKnownFileType = sourcecode.swift; path = PasswordBox.swift; sourceTree = "<group>"; };
		23296502282D60A900F7ED26 /* BigButtonView.swift */ = {isa = PBXFileReference; lastKnownFileType = sourcecode.swift; path = BigButtonView.swift; sourceTree = "<group>"; };
		23296505282D6B7300F7ED26 /* SignInWith.swift */ = {isa = PBXFileReference; lastKnownFileType = sourcecode.swift; path = SignInWith.swift; sourceTree = "<group>"; };
		232C301828589FE300E22FBE /* MyTasks.swift */ = {isa = PBXFileReference; lastKnownFileType = sourcecode.swift; path = MyTasks.swift; sourceTree = "<group>"; };
		2332DA16282DA9C60084E5EC /* Register.swift */ = {isa = PBXFileReference; lastKnownFileType = sourcecode.swift; path = Register.swift; sourceTree = "<group>"; };
		2332DA19282DB5B10084E5EC /* MainPage.swift */ = {isa = PBXFileReference; lastKnownFileType = sourcecode.swift; path = MainPage.swift; sourceTree = "<group>"; };
		234FE35E282E6BB3008C97DF /* MenuTaskItem.swift */ = {isa = PBXFileReference; lastKnownFileType = sourcecode.swift; path = MenuTaskItem.swift; sourceTree = "<group>"; };
		234FE360282E6ED4008C97DF /* NewTask.swift */ = {isa = PBXFileReference; lastKnownFileType = sourcecode.swift; path = NewTask.swift; sourceTree = "<group>"; };
		234FE362282E797A008C97DF /* TabBarNavigator.swift */ = {isa = PBXFileReference; lastKnownFileType = sourcecode.swift; path = TabBarNavigator.swift; sourceTree = "<group>"; };
		234FE364282E798B008C97DF /* Profile.swift */ = {isa = PBXFileReference; lastKnownFileType = sourcecode.swift; path = Profile.swift; sourceTree = "<group>"; };
		234FE36A282E8D47008C97DF /* TaskStepItem.swift */ = {isa = PBXFileReference; lastKnownFileType = sourcecode.swift; path = TaskStepItem.swift; sourceTree = "<group>"; };
		239904C528365B29006EE088 /* GoogleService-Info.plist */ = {isa = PBXFileReference; fileEncoding = 4; lastKnownFileType = text.plist.xml; path = "GoogleService-Info.plist"; sourceTree = "<group>"; };
		239904D02836612F006EE088 /* AuthViewModel.swift */ = {isa = PBXFileReference; lastKnownFileType = sourcecode.swift; path = AuthViewModel.swift; sourceTree = "<group>"; };
		23A1EE722831195400125E93 /* SelectUsers.swift */ = {isa = PBXFileReference; lastKnownFileType = sourcecode.swift; path = SelectUsers.swift; sourceTree = "<group>"; };
		23C7F8A3282C67A200B44D88 /* OnlineTaskManager.app */ = {isa = PBXFileReference; explicitFileType = wrapper.application; includeInIndex = 0; path = OnlineTaskManager.app; sourceTree = BUILT_PRODUCTS_DIR; };
		23C7F8A6282C67A200B44D88 /* OnlineTaskManagerApp.swift */ = {isa = PBXFileReference; lastKnownFileType = sourcecode.swift; path = OnlineTaskManagerApp.swift; sourceTree = "<group>"; };
		23C7F8A8282C67A200B44D88 /* ContentView.swift */ = {isa = PBXFileReference; lastKnownFileType = sourcecode.swift; path = ContentView.swift; sourceTree = "<group>"; };
		23C7F8AA282C67A400B44D88 /* Assets.xcassets */ = {isa = PBXFileReference; lastKnownFileType = folder.assetcatalog; path = Assets.xcassets; sourceTree = "<group>"; };
		23C7F8AD282C67A400B44D88 /* Preview Assets.xcassets */ = {isa = PBXFileReference; lastKnownFileType = folder.assetcatalog; path = "Preview Assets.xcassets"; sourceTree = "<group>"; };
		23DAA5E2282FFBCC00C219E4 /* TaskModel.swift */ = {isa = PBXFileReference; lastKnownFileType = sourcecode.swift; path = TaskModel.swift; sourceTree = "<group>"; };
		23DAA5E4282FFC8900C219E4 /* TaskViewModel.swift */ = {isa = PBXFileReference; lastKnownFileType = sourcecode.swift; path = TaskViewModel.swift; sourceTree = "<group>"; };
		23DAA5E6282FFFB300C219E4 /* TabNavigationViewModel.swift */ = {isa = PBXFileReference; lastKnownFileType = sourcecode.swift; path = TabNavigationViewModel.swift; sourceTree = "<group>"; };
		23EA50C7283C3D92008DC259 /* img.png */ = {isa = PBXFileReference; lastKnownFileType = image.png; path = img.png; sourceTree = "<group>"; };
		23EA50C9283C3DFA008DC259 /* README.md */ = {isa = PBXFileReference; lastKnownFileType = net.daringfireball.markdown; path = README.md; sourceTree = "<group>"; };
/* End PBXFileReference section */

/* Begin PBXFrameworksBuildPhase section */
		23C7F8A0282C67A200B44D88 /* Frameworks */ = {
			isa = PBXFrameworksBuildPhase;
			buildActionMask = 2147483647;
			files = (
				23B59F73283801A9003F0163 /* FirebaseAuth in Frameworks */,
				23B59F75283801A9003F0163 /* FirebaseFirestore in Frameworks */,
				23B59F77283801A9003F0163 /* FirebaseStorage in Frameworks */,
			);
			runOnlyForDeploymentPostprocessing = 0;
		};
/* End PBXFrameworksBuildPhase section */

/* Begin PBXGroup section */
		232964F8282D594E00F7ED26 /* Auth */ = {
			isa = PBXGroup;
			children = (
				232964F9282D595C00F7ED26 /* SignIn.swift */,
				2332DA16282DA9C60084E5EC /* Register.swift */,
			);
			path = Auth;
			sourceTree = "<group>";
		};
		232964FB282D5BA000F7ED26 /* Components */ = {
			isa = PBXGroup;
			children = (
				232964FE282D5BFF00F7ED26 /* TextFieldBox.swift */,
				23296500282D5F6700F7ED26 /* PasswordBox.swift */,
				23296502282D60A900F7ED26 /* BigButtonView.swift */,
				23296505282D6B7300F7ED26 /* SignInWith.swift */,
				234FE35E282E6BB3008C97DF /* MenuTaskItem.swift */,
				234FE36A282E8D47008C97DF /* TaskStepItem.swift */,
			);
			path = Components;
			sourceTree = "<group>";
		};
		2332DA18282DB05C0084E5EC /* Main */ = {
			isa = PBXGroup;
			children = (
				234FE362282E797A008C97DF /* TabBarNavigator.swift */,
				2332DA19282DB5B10084E5EC /* MainPage.swift */,
				234FE364282E798B008C97DF /* Profile.swift */,
				234FE360282E6ED4008C97DF /* NewTask.swift */,
				23A1EE722831195400125E93 /* SelectUsers.swift */,
				232C301828589FE300E22FBE /* MyTasks.swift */,
			);
			path = Main;
			sourceTree = "<group>";
		};
		23C7F89A282C67A200B44D88 = {
			isa = PBXGroup;
			children = (
				23EA50C9283C3DFA008DC259 /* README.md */,
				23EA50C6283C3D7C008DC259 /* images */,
				23C7F8A5282C67A200B44D88 /* OnlineTaskManager */,
				23C7F8A4282C67A200B44D88 /* Products */,
			);
			sourceTree = "<group>";
		};
		23C7F8A4282C67A200B44D88 /* Products */ = {
			isa = PBXGroup;
			children = (
				23C7F8A3282C67A200B44D88 /* OnlineTaskManager.app */,
			);
			name = Products;
			sourceTree = "<group>";
		};
		23C7F8A5282C67A200B44D88 /* OnlineTaskManager */ = {
			isa = PBXGroup;
			children = (
				23C7F8B6282C67EE00B44D88 /* Model */,
				23C7F8B5282C67EA00B44D88 /* ViewModel */,
				23C7F8B4282C67E800B44D88 /* View */,
				23C7F8A6282C67A200B44D88 /* OnlineTaskManagerApp.swift */,
				23C7F8A8282C67A200B44D88 /* ContentView.swift */,
				23C7F8AA282C67A400B44D88 /* Assets.xcassets */,
				239904C528365B29006EE088 /* GoogleService-Info.plist */,
				23C7F8AC282C67A400B44D88 /* Preview Content */,
			);
			path = OnlineTaskManager;
			sourceTree = "<group>";
		};
		23C7F8AC282C67A400B44D88 /* Preview Content */ = {
			isa = PBXGroup;
			children = (
				23C7F8AD282C67A400B44D88 /* Preview Assets.xcassets */,
			);
			path = "Preview Content";
			sourceTree = "<group>";
		};
		23C7F8B4282C67E800B44D88 /* View */ = {
			isa = PBXGroup;
			children = (
				232964FB282D5BA000F7ED26 /* Components */,
				2332DA18282DB05C0084E5EC /* Main */,
				232964F8282D594E00F7ED26 /* Auth */,
			);
			path = View;
			sourceTree = "<group>";
		};
		23C7F8B5282C67EA00B44D88 /* ViewModel */ = {
			isa = PBXGroup;
			children = (
				23DAA5E4282FFC8900C219E4 /* TaskViewModel.swift */,
				23DAA5E6282FFFB300C219E4 /* TabNavigationViewModel.swift */,
				239904D02836612F006EE088 /* AuthViewModel.swift */,
			);
			path = ViewModel;
			sourceTree = "<group>";
		};
		23C7F8B6282C67EE00B44D88 /* Model */ = {
			isa = PBXGroup;
			children = (
				23DAA5E2282FFBCC00C219E4 /* TaskModel.swift */,
			);
			path = Model;
			sourceTree = "<group>";
		};
		23EA50C6283C3D7C008DC259 /* images */ = {
			isa = PBXGroup;
			children = (
				23EA50C7283C3D92008DC259 /* img.png */,
			);
			path = images;
			sourceTree = "<group>";
		};
/* End PBXGroup section */

/* Begin PBXNativeTarget section */
		23C7F8A2282C67A200B44D88 /* OnlineTaskManager */ = {
			isa = PBXNativeTarget;
			buildConfigurationList = 23C7F8B1282C67A400B44D88 /* Build configuration list for PBXNativeTarget "OnlineTaskManager" */;
			buildPhases = (
				23C7F89F282C67A200B44D88 /* Sources */,
				23C7F8A0282C67A200B44D88 /* Frameworks */,
				23C7F8A1282C67A200B44D88 /* Resources */,
			);
			buildRules = (
			);
			dependencies = (
			);
			name = OnlineTaskManager;
			packageProductDependencies = (
				23B59F72283801A9003F0163 /* FirebaseAuth */,
				23B59F74283801A9003F0163 /* FirebaseFirestore */,
				23B59F76283801A9003F0163 /* FirebaseStorage */,
			);
			productName = OnlineTaskManager;
			productReference = 23C7F8A3282C67A200B44D88 /* OnlineTaskManager.app */;
			productType = "com.apple.product-type.application";
		};
/* End PBXNativeTarget section */

/* Begin PBXProject section */
		23C7F89B282C67A200B44D88 /* Project object */ = {
			isa = PBXProject;
			attributes = {
				BuildIndependentTargetsInParallel = 1;
				LastSwiftUpdateCheck = 1330;
				LastUpgradeCheck = 1330;
				TargetAttributes = {
					23C7F8A2282C67A200B44D88 = {
						CreatedOnToolsVersion = 13.3.1;
					};
				};
			};
			buildConfigurationList = 23C7F89E282C67A200B44D88 /* Build configuration list for PBXProject "OnlineTaskManager" */;
			compatibilityVersion = "Xcode 13.0";
			developmentRegion = en;
			hasScannedForEncodings = 0;
			knownRegions = (
				en,
				Base,
			);
			mainGroup = 23C7F89A282C67A200B44D88;
			packageReferences = (
				23B59F71283801A9003F0163 /* XCRemoteSwiftPackageReference "firebase-ios-sdk" */,
			);
			productRefGroup = 23C7F8A4282C67A200B44D88 /* Products */;
			projectDirPath = "";
			projectRoot = "";
			targets = (
				23C7F8A2282C67A200B44D88 /* OnlineTaskManager */,
			);
		};
/* End PBXProject section */

/* Begin PBXResourcesBuildPhase section */
		23C7F8A1282C67A200B44D88 /* Resources */ = {
			isa = PBXResourcesBuildPhase;
			buildActionMask = 2147483647;
			files = (
				23C7F8AE282C67A400B44D88 /* Preview Assets.xcassets in Resources */,
				23C7F8AB282C67A400B44D88 /* Assets.xcassets in Resources */,
				239904C628365B29006EE088 /* GoogleService-Info.plist in Resources */,
				23EA50C8283C3D92008DC259 /* img.png in Resources */,
			);
			runOnlyForDeploymentPostprocessing = 0;
		};
/* End PBXResourcesBuildPhase section */

/* Begin PBXSourcesBuildPhase section */
		23C7F89F282C67A200B44D88 /* Sources */ = {
			isa = PBXSourcesBuildPhase;
			buildActionMask = 2147483647;
			files = (
				23296506282D6B7300F7ED26 /* SignInWith.swift in Sources */,
				232964FA282D595C00F7ED26 /* SignIn.swift in Sources */,
				23A1EE732831195400125E93 /* SelectUsers.swift in Sources */,
				2332DA1A282DB5B10084E5EC /* MainPage.swift in Sources */,
				234FE365282E798B008C97DF /* Profile.swift in Sources */,
				23296503282D60A900F7ED26 /* BigButtonView.swift in Sources */,
				239904D12836612F006EE088 /* AuthViewModel.swift in Sources */,
				234FE361282E6ED4008C97DF /* NewTask.swift in Sources */,
				234FE36B282E8D47008C97DF /* TaskStepItem.swift in Sources */,
				234FE35F282E6BB3008C97DF /* MenuTaskItem.swift in Sources */,
				23C7F8A9282C67A200B44D88 /* ContentView.swift in Sources */,
				23C7F8A7282C67A200B44D88 /* OnlineTaskManagerApp.swift in Sources */,
				232C301928589FE300E22FBE /* MyTasks.swift in Sources */,
				232964FF282D5BFF00F7ED26 /* TextFieldBox.swift in Sources */,
				2332DA17282DA9C60084E5EC /* Register.swift in Sources */,
				23DAA5E3282FFBCC00C219E4 /* TaskModel.swift in Sources */,
				23DAA5E7282FFFB300C219E4 /* TabNavigationViewModel.swift in Sources */,
				23DAA5E5282FFC8900C219E4 /* TaskViewModel.swift in Sources */,
				23296501282D5F6700F7ED26 /* PasswordBox.swift in Sources */,
				234FE363282E797A008C97DF /* TabBarNavigator.swift in Sources */,
			);
			runOnlyForDeploymentPostprocessing = 0;
		};
/* End PBXSourcesBuildPhase section */

/* Begin XCBuildConfiguration section */
		23C7F8AF282C67A400B44D88 /* Debug */ = {
			isa = XCBuildConfiguration;
			buildSettings = {
				ALWAYS_SEARCH_USER_PATHS = NO;
				CLANG_ANALYZER_NONNULL = YES;
				CLANG_ANALYZER_NUMBER_OBJECT_CONVERSION = YES_AGGRESSIVE;
				CLANG_CXX_LANGUAGE_STANDARD = "gnu++17";
				CLANG_ENABLE_MODULES = YES;
				CLANG_ENABLE_OBJC_ARC = YES;
				CLANG_ENABLE_OBJC_WEAK = YES;
				CLANG_WARN_BLOCK_CAPTURE_AUTORELEASING = YES;
				CLANG_WARN_BOOL_CONVERSION = YES;
				CLANG_WARN_COMMA = YES;
				CLANG_WARN_CONSTANT_CONVERSION = YES;
				CLANG_WARN_DEPRECATED_OBJC_IMPLEMENTATIONS = YES;
				CLANG_WARN_DIRECT_OBJC_ISA_USAGE = YES_ERROR;
				CLANG_WARN_DOCUMENTATION_COMMENTS = YES;
				CLANG_WARN_EMPTY_BODY = YES;
				CLANG_WARN_ENUM_CONVERSION = YES;
				CLANG_WARN_INFINITE_RECURSION = YES;
				CLANG_WARN_INT_CONVERSION = YES;
				CLANG_WARN_NON_LITERAL_NULL_CONVERSION = YES;
				CLANG_WARN_OBJC_IMPLICIT_RETAIN_SELF = YES;
				CLANG_WARN_OBJC_LITERAL_CONVERSION = YES;
				CLANG_WARN_OBJC_ROOT_CLASS = YES_ERROR;
				CLANG_WARN_QUOTED_INCLUDE_IN_FRAMEWORK_HEADER = YES;
				CLANG_WARN_RANGE_LOOP_ANALYSIS = YES;
				CLANG_WARN_STRICT_PROTOTYPES = YES;
				CLANG_WARN_SUSPICIOUS_MOVE = YES;
				CLANG_WARN_UNGUARDED_AVAILABILITY = YES_AGGRESSIVE;
				CLANG_WARN_UNREACHABLE_CODE = YES;
				CLANG_WARN__DUPLICATE_METHOD_MATCH = YES;
				COPY_PHASE_STRIP = NO;
				DEBUG_INFORMATION_FORMAT = dwarf;
				ENABLE_STRICT_OBJC_MSGSEND = YES;
				ENABLE_TESTABILITY = YES;
				GCC_C_LANGUAGE_STANDARD = gnu11;
				GCC_DYNAMIC_NO_PIC = NO;
				GCC_NO_COMMON_BLOCKS = YES;
				GCC_OPTIMIZATION_LEVEL = 0;
				GCC_PREPROCESSOR_DEFINITIONS = (
					"DEBUG=1",
					"$(inherited)",
				);
				GCC_WARN_64_TO_32_BIT_CONVERSION = YES;
				GCC_WARN_ABOUT_RETURN_TYPE = YES_ERROR;
				GCC_WARN_UNDECLARED_SELECTOR = YES;
				GCC_WARN_UNINITIALIZED_AUTOS = YES_AGGRESSIVE;
				GCC_WARN_UNUSED_FUNCTION = YES;
				GCC_WARN_UNUSED_VARIABLE = YES;
				IPHONEOS_DEPLOYMENT_TARGET = 15.4;
				MTL_ENABLE_DEBUG_INFO = INCLUDE_SOURCE;
				MTL_FAST_MATH = YES;
				ONLY_ACTIVE_ARCH = YES;
				SDKROOT = iphoneos;
				SWIFT_ACTIVE_COMPILATION_CONDITIONS = DEBUG;
				SWIFT_OPTIMIZATION_LEVEL = "-Onone";
			};
			name = Debug;
		};
		23C7F8B0282C67A400B44D88 /* Release */ = {
			isa = XCBuildConfiguration;
			buildSettings = {
				ALWAYS_SEARCH_USER_PATHS = NO;
				CLANG_ANALYZER_NONNULL = YES;
				CLANG_ANALYZER_NUMBER_OBJECT_CONVERSION = YES_AGGRESSIVE;
				CLANG_CXX_LANGUAGE_STANDARD = "gnu++17";
				CLANG_ENABLE_MODULES = YES;
				CLANG_ENABLE_OBJC_ARC = YES;
				CLANG_ENABLE_OBJC_WEAK = YES;
				CLANG_WARN_BLOCK_CAPTURE_AUTORELEASING = YES;
				CLANG_WARN_BOOL_CONVERSION = YES;
				CLANG_WARN_COMMA = YES;
				CLANG_WARN_CONSTANT_CONVERSION = YES;
				CLANG_WARN_DEPRECATED_OBJC_IMPLEMENTATIONS = YES;
				CLANG_WARN_DIRECT_OBJC_ISA_USAGE = YES_ERROR;
				CLANG_WARN_DOCUMENTATION_COMMENTS = YES;
				CLANG_WARN_EMPTY_BODY = YES;
				CLANG_WARN_ENUM_CONVERSION = YES;
				CLANG_WARN_INFINITE_RECURSION = YES;
				CLANG_WARN_INT_CONVERSION = YES;
				CLANG_WARN_NON_LITERAL_NULL_CONVERSION = YES;
				CLANG_WARN_OBJC_IMPLICIT_RETAIN_SELF = YES;
				CLANG_WARN_OBJC_LITERAL_CONVERSION = YES;
				CLANG_WARN_OBJC_ROOT_CLASS = YES_ERROR;
				CLANG_WARN_QUOTED_INCLUDE_IN_FRAMEWORK_HEADER = YES;
				CLANG_WARN_RANGE_LOOP_ANALYSIS = YES;
				CLANG_WARN_STRICT_PROTOTYPES = YES;
				CLANG_WARN_SUSPICIOUS_MOVE = YES;
				CLANG_WARN_UNGUARDED_AVAILABILITY = YES_AGGRESSIVE;
				CLANG_WARN_UNREACHABLE_CODE = YES;
				CLANG_WARN__DUPLICATE_METHOD_MATCH = YES;
				COPY_PHASE_STRIP = NO;
				DEBUG_INFORMATION_FORMAT = "dwarf-with-dsym";
				ENABLE_NS_ASSERTIONS = NO;
				ENABLE_STRICT_OBJC_MSGSEND = YES;
				GCC_C_LANGUAGE_STANDARD = gnu11;
				GCC_NO_COMMON_BLOCKS = YES;
				GCC_WARN_64_TO_32_BIT_CONVERSION = YES;
				GCC_WARN_ABOUT_RETURN_TYPE = YES_ERROR;
				GCC_WARN_UNDECLARED_SELECTOR = YES;
				GCC_WARN_UNINITIALIZED_AUTOS = YES_AGGRESSIVE;
				GCC_WARN_UNUSED_FUNCTION = YES;
				GCC_WARN_UNUSED_VARIABLE = YES;
				IPHONEOS_DEPLOYMENT_TARGET = 15.4;
				MTL_ENABLE_DEBUG_INFO = NO;
				MTL_FAST_MATH = YES;
				SDKROOT = iphoneos;
				SWIFT_COMPILATION_MODE = wholemodule;
				SWIFT_OPTIMIZATION_LEVEL = "-O";
				VALIDATE_PRODUCT = YES;
			};
			name = Release;
		};
		23C7F8B2282C67A400B44D88 /* Debug */ = {
			isa = XCBuildConfiguration;
			buildSettings = {
				ASSETCATALOG_COMPILER_APPICON_NAME = AppIcon;
				ASSETCATALOG_COMPILER_GLOBAL_ACCENT_COLOR_NAME = AccentColor;
				CODE_SIGN_STYLE = Automatic;
				CURRENT_PROJECT_VERSION = 1;
				DEVELOPMENT_ASSET_PATHS = "\"OnlineTaskManager/Preview Content\"";
				DEVELOPMENT_TEAM = 62693BZN4B;
				ENABLE_PREVIEWS = YES;
				GENERATE_INFOPLIST_FILE = YES;
				INFOPLIST_KEY_UIApplicationSceneManifest_Generation = YES;
				INFOPLIST_KEY_UIApplicationSupportsIndirectInputEvents = YES;
				INFOPLIST_KEY_UILaunchScreen_Generation = YES;
				INFOPLIST_KEY_UISupportedInterfaceOrientations_iPad = "UIInterfaceOrientationPortrait UIInterfaceOrientationPortraitUpsideDown UIInterfaceOrientationLandscapeLeft UIInterfaceOrientationLandscapeRight";
				INFOPLIST_KEY_UISupportedInterfaceOrientations_iPhone = "UIInterfaceOrientationPortrait UIInterfaceOrientationLandscapeLeft UIInterfaceOrientationLandscapeRight";
				LD_RUNPATH_SEARCH_PATHS = (
					"$(inherited)",
					"@executable_path/Frameworks",
				);
				MARKETING_VERSION = 1.0;
				PRODUCT_BUNDLE_IDENTIFIER = berkaydisli.OnlineTaskManager;
				PRODUCT_NAME = "$(TARGET_NAME)";
				SWIFT_EMIT_LOC_STRINGS = YES;
				SWIFT_VERSION = 5.0;
				TARGETED_DEVICE_FAMILY = "1,2";
			};
			name = Debug;
		};
		23C7F8B3282C67A400B44D88 /* Release */ = {
			isa = XCBuildConfiguration;
			buildSettings = {
				ASSETCATALOG_COMPILER_APPICON_NAME = AppIcon;
				ASSETCATALOG_COMPILER_GLOBAL_ACCENT_COLOR_NAME = AccentColor;
				CODE_SIGN_STYLE = Automatic;
				CURRENT_PROJECT_VERSION = 1;
				DEVELOPMENT_ASSET_PATHS = "\"OnlineTaskManager/Preview Content\"";
				DEVELOPMENT_TEAM = 62693BZN4B;
				ENABLE_PREVIEWS = YES;
				GENERATE_INFOPLIST_FILE = YES;
				INFOPLIST_KEY_UIApplicationSceneManifest_Generation = YES;
				INFOPLIST_KEY_UIApplicationSupportsIndirectInputEvents = YES;
				INFOPLIST_KEY_UILaunchScreen_Generation = YES;
				INFOPLIST_KEY_UISupportedInterfaceOrientations_iPad = "UIInterfaceOrientationPortrait UIInterfaceOrientationPortraitUpsideDown UIInterfaceOrientationLandscapeLeft UIInterfaceOrientationLandscapeRight";
				INFOPLIST_KEY_UISupportedInterfaceOrientations_iPhone = "UIInterfaceOrientationPortrait UIInterfaceOrientationLandscapeLeft UIInterfaceOrientationLandscapeRight";
				LD_RUNPATH_SEARCH_PATHS = (
					"$(inherited)",
					"@executable_path/Frameworks",
				);
				MARKETING_VERSION = 1.0;
				PRODUCT_BUNDLE_IDENTIFIER = berkaydisli.OnlineTaskManager;
				PRODUCT_NAME = "$(TARGET_NAME)";
				SWIFT_EMIT_LOC_STRINGS = YES;
				SWIFT_VERSION = 5.0;
				TARGETED_DEVICE_FAMILY = "1,2";
			};
			name = Release;
		};
/* End XCBuildConfiguration section */

/* Begin XCConfigurationList section */
		23C7F89E282C67A200B44D88 /* Build configuration list for PBXProject "OnlineTaskManager" */ = {
			isa = XCConfigurationList;
			buildConfigurations = (
				23C7F8AF282C67A400B44D88 /* Debug */,
				23C7F8B0282C67A400B44D88 /* Release */,
			);
			defaultConfigurationIsVisible = 0;
			defaultConfigurationName = Release;
		};
		23C7F8B1282C67A400B44D88 /* Build configuration list for PBXNativeTarget "OnlineTaskManager" */ = {
			isa = XCConfigurationList;
			buildConfigurations = (
				23C7F8B2282C67A400B44D88 /* Debug */,
				23C7F8B3282C67A400B44D88 /* Release */,
			);
			defaultConfigurationIsVisible = 0;
			defaultConfigurationName = Release;
		};
/* End XCConfigurationList section */

/* Begin XCRemoteSwiftPackageReference section */
		23B59F71283801A9003F0163 /* XCRemoteSwiftPackageReference "firebase-ios-sdk" */ = {
			isa = XCRemoteSwiftPackageReference;
			repositoryURL = "https://github.com/firebase/firebase-ios-sdk";
			requirement = {
				kind = upToNextMajorVersion;
				minimumVersion = 9.0.0;
			};
		};
/* End XCRemoteSwiftPackageReference section */

/* Begin XCSwiftPackageProductDependency section */
		23B59F72283801A9003F0163 /* FirebaseAuth */ = {
			isa = XCSwiftPackageProductDependency;
			package = 23B59F71283801A9003F0163 /* XCRemoteSwiftPackageReference "firebase-ios-sdk" */;
			productName = FirebaseAuth;
		};
		23B59F74283801A9003F0163 /* FirebaseFirestore */ = {
			isa = XCSwiftPackageProductDependency;
			package = 23B59F71283801A9003F0163 /* XCRemoteSwiftPackageReference "firebase-ios-sdk" */;
			productName = FirebaseFirestore;
		};
		23B59F76283801A9003F0163 /* FirebaseStorage */ = {
			isa = XCSwiftPackageProductDependency;
			package = 23B59F71283801A9003F0163 /* XCRemoteSwiftPackageReference "firebase-ios-sdk" */;
			productName = FirebaseStorage;
		};
/* End XCSwiftPackageProductDependency section */
	};
	rootObject = 23C7F89B282C67A200B44D88 /* Project object */;
}
